
Microsoft Visual Studio Solution File, Format Version 12.00
# Visual Studio Version 16
VisualStudioVersion = 16.0.29424.173
MinimumVisualStudioVersion = 10.0.40219.1
Project("{FAE04EC0-301F-11D3-BF4B-00C04F79EFBC}") = "STC PO Api", "STC PO Api\STC PO Api.csproj", "{87860CDD-5900-4C72-86E5-9F09DF9D5F0D}"
EndProject
Global
	GlobalSection(SolutionConfigurationPlatforms) = preSolution
		Debug|Any CPU = Debug|Any CPU
		Release|Any CPU = Release|Any CPU
	EndGlobalSection
	GlobalSection(ProjectConfigurationPlatforms) = postSolution
		{87860CDD-5900-4C72-86E5-9F09DF9D5F0D}.Debug|Any CPU.ActiveCfg = Debug|Any CPU
		{87860CDD-5900-4C72-86E5-9F09DF9D5F0D}.Debug|Any CPU.Build.0 = Debug|Any CPU
		{87860CDD-5900-4C72-86E5-9F09DF9D5F0D}.Release|Any CPU.ActiveCfg = Release|Any CPU
		{87860CDD-5900-4C72-86E5-9F09DF9D5F0D}.Release|Any CPU.Build.0 = Release|Any CPU
	EndGlobalSection
	GlobalSection(SolutionProperties) = preSolution
		HideSolutionNode = FALSE
	EndGlobalSection
	GlobalSection(ExtensibilityGlobals) = postSolution
		SolutionGuid = {44B1B252-C68F-4069-8B40-86B396B91BC5}
	EndGlobalSection
EndGlobal
